Microsoft Visual Studio Solution File, Format Version 8.00
Project("{F184B08F-C81C-45F6-A57F-5ABD9991F28F}") = "Seguridad_NET", "Seguridad_NET\Seguridad_NET.vbproj", "{94E69249-82E1-4E27-9864-5C32A1CA4218}"
	ProjectSection(ProjectDependencies) = postProject
	EndProjectSection
EndProject
Project("{F184B08F-C81C-45F6-A57F-5ABD9991F28F}") = "COM_SIC_ActCHIP", "COM_SIC_ActCHIP\COM_SIC_ActCHIP.vbproj", "{BAD0926F-88EE-4B05-B971-8B7EAABB0600}"
	ProjectSection(ProjectDependencies) = postProject
	EndProjectSection
EndProject
Project("{F184B08F-C81C-45F6-A57F-5ABD9991F28F}") = "COM_SIC_Activaciones", "COM_SIC_Activaciones\COM_SIC_Activaciones.vbproj", "{036E4776-8EE8-4287-9BFD-2233F65AFD1C}"
	ProjectSection(ProjectDependencies) = postProject
	EndProjectSection
EndProject
Project("{F184B08F-C81C-45F6-A57F-5ABD9991F28F}") = "COM_SIC_INActChip", "COM_SIC_INActChip\COM_SIC_INActChip.vbproj", "{88D7264A-616A-4911-B773-90B7F1E910F1}"
	ProjectSection(ProjectDependencies) = postProject
	EndProjectSection
EndProject
Project("{F184B08F-C81C-45F6-A57F-5ABD9991F28F}") = "COM_SIC_Cajas", "COM_SIC_Cajas\COM_SIC_Cajas.vbproj", "{63DB09DF-2684-4F04-B227-A01B09973688}"
	ProjectSection(ProjectDependencies) = postProject
	EndProjectSection
EndProject
Project("{F184B08F-C81C-45F6-A57F-5ABD9991F28F}") = "DAAB", "DAAB\DAAB.vbproj", "{D0401205-6585-43C5-B7A9-C435EA36C3E2}"
	ProjectSection(ProjectDependencies) = postProject
	EndProjectSection
EndProject
Project("{FAE04EC0-301F-11D3-BF4B-00C04F79EFBC}") = "SAP_SIC_Pagos", "SAP_SIC_Pagos\SAP_SIC_Pagos.csproj", "{DC977CAD-E3F0-407E-82A9-4D1A223A0E86}"
	ProjectSection(ProjectDependencies) = postProject
	EndProjectSection
EndProject
Project("{F184B08F-C81C-45F6-A57F-5ABD9991F28F}") = "COM_SIC_Recaudacion", "COM_SIC_Recaudacion\COM_SIC_Recaudacion.vbproj", "{45F18126-E89C-4B58-AF69-D2F62471A9C7}"
	ProjectSection(ProjectDependencies) = postProject
	EndProjectSection
EndProject
Project("{F184B08F-C81C-45F6-A57F-5ABD9991F28F}") = "COM_SIC_RVirtual", "COM_SIC_RVirtual\COM_SIC_RVirtual.vbproj", "{FE091BE6-DC1C-48BB-AA7F-6D17D670E9A3}"
	ProjectSection(ProjectDependencies) = postProject
	EndProjectSection
EndProject
Project("{FAE04EC0-301F-11D3-BF4B-00C04F79EFBC}") = "SAP_SIC_Recaudacion", "SAP_SIC_Recaudacion\SAP_SIC_Recaudacion.csproj", "{6C259589-DF62-464A-A53C-63B25F8753D9}"
	ProjectSection(ProjectDependencies) = postProject
	EndProjectSection
EndProject
Project("{F184B08F-C81C-45F6-A57F-5ABD9991F28F}") = "COM_SIC_Configura", "COM_SIC_Configura\COM_SIC_Configura.vbproj", "{A347844A-B66F-4A97-BA7A-C633B5BE25D2}"
	ProjectSection(ProjectDependencies) = postProject
	EndProjectSection
EndProject
Project("{F184B08F-C81C-45F6-A57F-5ABD9991F28F}") = "COM_SIC_RecBusiness", "COM_SIC_RecBusiness\COM_SIC_RecBusiness.vbproj", "{12CD439F-4735-4A8D-803E-BF57F0099BBC}"
	ProjectSection(ProjectDependencies) = postProject
	EndProjectSection
EndProject
Project("{FAE04EC0-301F-11D3-BF4B-00C04F79EFBC}") = "SAP_SIC_Ventas", "SAP_SIC_Ventas\SAP_SIC_Ventas.csproj", "{007AB86A-3735-4CD0-97F6-96C8FCC9DF9F}"
	ProjectSection(ProjectDependencies) = postProject
	EndProjectSection
EndProject
Project("{FAE04EC0-301F-11D3-BF4B-00C04F79EFBC}") = "SAP_SIC_Cajas", "SAP_SIC_Cajas\SAP_SIC_Cajas.csproj", "{5253303E-CEEA-42C8-B1BB-DFBDB160A797}"
	ProjectSection(ProjectDependencies) = postProject
	EndProjectSection
EndProject
Project("{F184B08F-C81C-45F6-A57F-5ABD9991F28F}") = "COM_SIC_OffLine", "COM_SIC_OffLine\COM_SIC_OffLine.vbproj", "{D2725CDE-2123-47B4-9250-EB57378F74BC}"
	ProjectSection(ProjectDependencies) = postProject
	EndProjectSection
EndProject
Project("{F184B08F-C81C-45F6-A57F-5ABD9991F28F}") = "COM_SIC_AudiBus", "COM_SIC_AudiBus\COM_SIC_AudiBus.vbproj", "{60696FB5-0C53-4F89-8856-9F0F30796D5F}"
	ProjectSection(ProjectDependencies) = postProject
	EndProjectSection
EndProject
Project("{F184B08F-C81C-45F6-A57F-5ABD9991F28F}") = "COM_SIC_Reniec", "COM_SIC_Reniec\COM_SIC_Reniec.vbproj", "{AB298BB4-8BF3-47B0-874B-1ED0D1E2AE82}"
	ProjectSection(ProjectDependencies) = postProject
	EndProjectSection
EndProject
Project("{F184B08F-C81C-45F6-A57F-5ABD9991F28F}") = "COM_SIC_Tope_Dbo", "COM_SIC_Tope_Dbo\COM_SIC_Tope_Dbo.vbproj", "{BB0838A3-B174-486D-8551-4A251F467BB1}"
	ProjectSection(ProjectDependencies) = postProject
	EndProjectSection
EndProject
Project("{FAE04EC0-301F-11D3-BF4B-00C04F79EFBC}") = "COM_SIC_Promociones", "COM_SIC_Promociones\COM_SIC_Promociones.csproj", "{2960C9DE-5355-46E8-A29A-AB16E2AD9B36}"
	ProjectSection(ProjectDependencies) = postProject
	EndProjectSection
EndProject
Project("{FAE04EC0-301F-11D3-BF4B-00C04F79EFBC}") = "COM_SIC_Procesa_Pagos", "COM_SIC_Procesa_Pagos\COM_SIC_Procesa_Pagos.csproj", "{3821587A-01A6-4AF6-A4D5-A5755C99F4F5}"
	ProjectSection(ProjectDependencies) = postProject
	EndProjectSection
EndProject
Project("{FAE04EC0-301F-11D3-BF4B-00C04F79EFBC}") = "SwichTransaccional", "SwichTransaccional\SwichTransaccional.csproj", "{E746F179-123C-4E48-A9E1-AF5E291D620E}"
	ProjectSection(ProjectDependencies) = postProject
	EndProjectSection
EndProject
Project("{FAE04EC0-301F-11D3-BF4B-00C04F79EFBC}") = "NEGOCIO_SIC_SANS", "NEGOCIO_SIC_SANS\NEGOCIO_SIC_SANS.csproj", "{9760AB96-71B6-4FF2-B186-38CD5C8E7712}"
	ProjectSection(ProjectDependencies) = postProject
	EndProjectSection
EndProject
Project("{FAE04EC0-301F-11D3-BF4B-00C04F79EFBC}") = "COM_SIC_FacturaElectronica", "COM_SIC_FacturaElectronica\COM_SIC_FacturaElectronica.csproj", "{4BE7025B-6C55-4086-B387-0C0B92E9B2ED}"
	ProjectSection(ProjectDependencies) = postProject
	EndProjectSection
EndProject
Project("{F184B08F-C81C-45F6-A57F-5ABD9991F28F}") = "COM_SIC_Adm_Cajas", "COM_SIC_Adm_Cajas\COM_SIC_Adm_Cajas.vbproj", "{4454A48D-9565-409E-BF7E-12C3C1701297}"
	ProjectSection(ProjectDependencies) = postProject
	EndProjectSection
EndProject
Project("{FAE04EC0-301F-11D3-BF4B-00C04F79EFBC}") = "COM_SIC_Seguridad", "COM_SIC_Seguridad\COM_SIC_Seguridad.csproj", "{AB67AAC2-FC43-4077-A099-7C64605E32A2}"
	ProjectSection(ProjectDependencies) = postProject
	EndProjectSection
EndProject
Project("{FAE04EC0-301F-11D3-BF4B-00C04F79EFBC}") = "COM_SIC_Log4Net", "COM_SIC_Log4Net\COM_SIC_Log4Net.csproj", "{C7B330DB-6553-45EC-8D30-6DB2BDB29D42}"
	ProjectSection(ProjectDependencies) = postProject
	EndProjectSection
EndProject
Project("{F184B08F-C81C-45F6-A57F-5ABD9991F28F}") = "COM_SIC_Servicios", "COM_SIC_Servicios\COM_SIC_Servicios.vbproj", "{F0C49044-552F-4CB1-B935-4EEB1128AA25}"
	ProjectSection(ProjectDependencies) = postProject
	EndProjectSection
EndProject
Project("{FAE04EC0-301F-11D3-BF4B-00C04F79EFBC}") = "COM_SIC_Entidades", "COM_SIC_Entidades\COM_SIC_Entidades.csproj", "{293E9D41-E87F-4093-88AA-91B91A36392B}"
	ProjectSection(ProjectDependencies) = postProject
	EndProjectSection
EndProject
Project("{FAE04EC0-301F-11D3-BF4B-00C04F79EFBC}") = "Servicios", "http://localhost/Servicios/Servicios.csproj", "{0AE8F702-37EB-44C2-9842-81F7021D6E26}"
	ProjectSection(ProjectDependencies) = postProject
	EndProjectSection
EndProject
Project("{F184B08F-C81C-45F6-A57F-5ABD9991F28F}") = "SisCajas", "http://localhost/SisCajas/SisCajas.vbproj", "{9822FF43-60B7-4F1D-9D35-DB47E3F13852}"
	ProjectSection(ProjectDependencies) = postProject
	EndProjectSection
EndProject
Global
	GlobalSection(SolutionConfiguration) = preSolution
		Debug = Debug
		Release = Release
	EndGlobalSection
	GlobalSection(ProjectConfiguration) = postSolution
		{94E69249-82E1-4E27-9864-5C32A1CA4218}.Debug.ActiveCfg = Debug|.NET
		{94E69249-82E1-4E27-9864-5C32A1CA4218}.Debug.Build.0 = Debug|.NET
		{94E69249-82E1-4E27-9864-5C32A1CA4218}.Release.ActiveCfg = Release|.NET
		{94E69249-82E1-4E27-9864-5C32A1CA4218}.Release.Build.0 = Release|.NET
		{BAD0926F-88EE-4B05-B971-8B7EAABB0600}.Debug.ActiveCfg = Debug|.NET
		{BAD0926F-88EE-4B05-B971-8B7EAABB0600}.Debug.Build.0 = Debug|.NET
		{BAD0926F-88EE-4B05-B971-8B7EAABB0600}.Release.ActiveCfg = Release|.NET
		{BAD0926F-88EE-4B05-B971-8B7EAABB0600}.Release.Build.0 = Release|.NET
		{036E4776-8EE8-4287-9BFD-2233F65AFD1C}.Debug.ActiveCfg = Debug|.NET
		{036E4776-8EE8-4287-9BFD-2233F65AFD1C}.Debug.Build.0 = Debug|.NET
		{036E4776-8EE8-4287-9BFD-2233F65AFD1C}.Release.ActiveCfg = Release|.NET
		{036E4776-8EE8-4287-9BFD-2233F65AFD1C}.Release.Build.0 = Release|.NET
		{88D7264A-616A-4911-B773-90B7F1E910F1}.Debug.ActiveCfg = Debug|.NET
		{88D7264A-616A-4911-B773-90B7F1E910F1}.Debug.Build.0 = Debug|.NET
		{88D7264A-616A-4911-B773-90B7F1E910F1}.Release.ActiveCfg = Release|.NET
		{88D7264A-616A-4911-B773-90B7F1E910F1}.Release.Build.0 = Release|.NET
		{63DB09DF-2684-4F04-B227-A01B09973688}.Debug.ActiveCfg = Debug|.NET
		{63DB09DF-2684-4F04-B227-A01B09973688}.Debug.Build.0 = Debug|.NET
		{63DB09DF-2684-4F04-B227-A01B09973688}.Release.ActiveCfg = Release|.NET
		{63DB09DF-2684-4F04-B227-A01B09973688}.Release.Build.0 = Release|.NET
		{D0401205-6585-43C5-B7A9-C435EA36C3E2}.Debug.ActiveCfg = Debug|.NET
		{D0401205-6585-43C5-B7A9-C435EA36C3E2}.Debug.Build.0 = Debug|.NET
		{D0401205-6585-43C5-B7A9-C435EA36C3E2}.Release.ActiveCfg = Release|.NET
		{D0401205-6585-43C5-B7A9-C435EA36C3E2}.Release.Build.0 = Release|.NET
		{DC977CAD-E3F0-407E-82A9-4D1A223A0E86}.Debug.ActiveCfg = Debug|.NET
		{DC977CAD-E3F0-407E-82A9-4D1A223A0E86}.Debug.Build.0 = Debug|.NET
		{DC977CAD-E3F0-407E-82A9-4D1A223A0E86}.Release.ActiveCfg = Release|.NET
		{DC977CAD-E3F0-407E-82A9-4D1A223A0E86}.Release.Build.0 = Release|.NET
		{45F18126-E89C-4B58-AF69-D2F62471A9C7}.Debug.ActiveCfg = Debug|.NET
		{45F18126-E89C-4B58-AF69-D2F62471A9C7}.Debug.Build.0 = Debug|.NET
		{45F18126-E89C-4B58-AF69-D2F62471A9C7}.Release.ActiveCfg = Release|.NET
		{45F18126-E89C-4B58-AF69-D2F62471A9C7}.Release.Build.0 = Release|.NET
		{FE091BE6-DC1C-48BB-AA7F-6D17D670E9A3}.Debug.ActiveCfg = Debug|.NET
		{FE091BE6-DC1C-48BB-AA7F-6D17D670E9A3}.Debug.Build.0 = Debug|.NET
		{FE091BE6-DC1C-48BB-AA7F-6D17D670E9A3}.Release.ActiveCfg = Release|.NET
		{FE091BE6-DC1C-48BB-AA7F-6D17D670E9A3}.Release.Build.0 = Release|.NET
		{6C259589-DF62-464A-A53C-63B25F8753D9}.Debug.ActiveCfg = Debug|.NET
		{6C259589-DF62-464A-A53C-63B25F8753D9}.Debug.Build.0 = Debug|.NET
		{6C259589-DF62-464A-A53C-63B25F8753D9}.Release.ActiveCfg = Release|.NET
		{6C259589-DF62-464A-A53C-63B25F8753D9}.Release.Build.0 = Release|.NET
		{A347844A-B66F-4A97-BA7A-C633B5BE25D2}.Debug.ActiveCfg = Debug|.NET
		{A347844A-B66F-4A97-BA7A-C633B5BE25D2}.Debug.Build.0 = Debug|.NET
		{A347844A-B66F-4A97-BA7A-C633B5BE25D2}.Release.ActiveCfg = Release|.NET
		{A347844A-B66F-4A97-BA7A-C633B5BE25D2}.Release.Build.0 = Release|.NET
		{12CD439F-4735-4A8D-803E-BF57F0099BBC}.Debug.ActiveCfg = Debug|.NET
		{12CD439F-4735-4A8D-803E-BF57F0099BBC}.Debug.Build.0 = Debug|.NET
		{12CD439F-4735-4A8D-803E-BF57F0099BBC}.Release.ActiveCfg = Release|.NET
		{12CD439F-4735-4A8D-803E-BF57F0099BBC}.Release.Build.0 = Release|.NET
		{007AB86A-3735-4CD0-97F6-96C8FCC9DF9F}.Debug.ActiveCfg = Debug|.NET
		{007AB86A-3735-4CD0-97F6-96C8FCC9DF9F}.Debug.Build.0 = Debug|.NET
		{007AB86A-3735-4CD0-97F6-96C8FCC9DF9F}.Release.ActiveCfg = Release|.NET
		{007AB86A-3735-4CD0-97F6-96C8FCC9DF9F}.Release.Build.0 = Release|.NET
		{5253303E-CEEA-42C8-B1BB-DFBDB160A797}.Debug.ActiveCfg = Debug|.NET
		{5253303E-CEEA-42C8-B1BB-DFBDB160A797}.Debug.Build.0 = Debug|.NET
		{5253303E-CEEA-42C8-B1BB-DFBDB160A797}.Release.ActiveCfg = Release|.NET
		{5253303E-CEEA-42C8-B1BB-DFBDB160A797}.Release.Build.0 = Release|.NET
		{D2725CDE-2123-47B4-9250-EB57378F74BC}.Debug.ActiveCfg = Debug|.NET
		{D2725CDE-2123-47B4-9250-EB57378F74BC}.Debug.Build.0 = Debug|.NET
		{D2725CDE-2123-47B4-9250-EB57378F74BC}.Release.ActiveCfg = Release|.NET
		{D2725CDE-2123-47B4-9250-EB57378F74BC}.Release.Build.0 = Release|.NET
		{60696FB5-0C53-4F89-8856-9F0F30796D5F}.Debug.ActiveCfg = Debug|.NET
		{60696FB5-0C53-4F89-8856-9F0F30796D5F}.Debug.Build.0 = Debug|.NET
		{60696FB5-0C53-4F89-8856-9F0F30796D5F}.Release.ActiveCfg = Release|.NET
		{60696FB5-0C53-4F89-8856-9F0F30796D5F}.Release.Build.0 = Release|.NET
		{AB298BB4-8BF3-47B0-874B-1ED0D1E2AE82}.Debug.ActiveCfg = Debug|.NET
		{AB298BB4-8BF3-47B0-874B-1ED0D1E2AE82}.Debug.Build.0 = Debug|.NET
		{AB298BB4-8BF3-47B0-874B-1ED0D1E2AE82}.Release.ActiveCfg = Release|.NET
		{AB298BB4-8BF3-47B0-874B-1ED0D1E2AE82}.Release.Build.0 = Release|.NET
		{BB0838A3-B174-486D-8551-4A251F467BB1}.Debug.ActiveCfg = Debug|.NET
		{BB0838A3-B174-486D-8551-4A251F467BB1}.Debug.Build.0 = Debug|.NET
		{BB0838A3-B174-486D-8551-4A251F467BB1}.Release.ActiveCfg = Release|.NET
		{BB0838A3-B174-486D-8551-4A251F467BB1}.Release.Build.0 = Release|.NET
		{2960C9DE-5355-46E8-A29A-AB16E2AD9B36}.Debug.ActiveCfg = Debug|.NET
		{2960C9DE-5355-46E8-A29A-AB16E2AD9B36}.Debug.Build.0 = Debug|.NET
		{2960C9DE-5355-46E8-A29A-AB16E2AD9B36}.Release.ActiveCfg = Release|.NET
		{2960C9DE-5355-46E8-A29A-AB16E2AD9B36}.Release.Build.0 = Release|.NET
		{3821587A-01A6-4AF6-A4D5-A5755C99F4F5}.Debug.ActiveCfg = Debug|.NET
		{3821587A-01A6-4AF6-A4D5-A5755C99F4F5}.Debug.Build.0 = Debug|.NET
		{3821587A-01A6-4AF6-A4D5-A5755C99F4F5}.Release.ActiveCfg = Release|.NET
		{3821587A-01A6-4AF6-A4D5-A5755C99F4F5}.Release.Build.0 = Release|.NET
		{E746F179-123C-4E48-A9E1-AF5E291D620E}.Debug.ActiveCfg = Debug|.NET
		{E746F179-123C-4E48-A9E1-AF5E291D620E}.Debug.Build.0 = Debug|.NET
		{E746F179-123C-4E48-A9E1-AF5E291D620E}.Release.ActiveCfg = Release|.NET
		{E746F179-123C-4E48-A9E1-AF5E291D620E}.Release.Build.0 = Release|.NET
		{9760AB96-71B6-4FF2-B186-38CD5C8E7712}.Debug.ActiveCfg = Debug|.NET
		{9760AB96-71B6-4FF2-B186-38CD5C8E7712}.Debug.Build.0 = Debug|.NET
		{9760AB96-71B6-4FF2-B186-38CD5C8E7712}.Release.ActiveCfg = Release|.NET
		{9760AB96-71B6-4FF2-B186-38CD5C8E7712}.Release.Build.0 = Release|.NET
		{4BE7025B-6C55-4086-B387-0C0B92E9B2ED}.Debug.ActiveCfg = Debug|.NET
		{4BE7025B-6C55-4086-B387-0C0B92E9B2ED}.Debug.Build.0 = Debug|.NET
		{4BE7025B-6C55-4086-B387-0C0B92E9B2ED}.Release.ActiveCfg = Release|.NET
		{4BE7025B-6C55-4086-B387-0C0B92E9B2ED}.Release.Build.0 = Release|.NET
		{4454A48D-9565-409E-BF7E-12C3C1701297}.Debug.ActiveCfg = Debug|.NET
		{4454A48D-9565-409E-BF7E-12C3C1701297}.Release.ActiveCfg = Release|.NET
		{4454A48D-9565-409E-BF7E-12C3C1701297}.Release.Build.0 = Release|.NET
		{AB67AAC2-FC43-4077-A099-7C64605E32A2}.Debug.ActiveCfg = Debug|.NET
		{AB67AAC2-FC43-4077-A099-7C64605E32A2}.Release.ActiveCfg = Release|.NET
		{AB67AAC2-FC43-4077-A099-7C64605E32A2}.Release.Build.0 = Release|.NET
		{C7B330DB-6553-45EC-8D30-6DB2BDB29D42}.Debug.ActiveCfg = Debug|.NET
		{C7B330DB-6553-45EC-8D30-6DB2BDB29D42}.Release.ActiveCfg = Release|.NET
		{C7B330DB-6553-45EC-8D30-6DB2BDB29D42}.Release.Build.0 = Release|.NET
		{F0C49044-552F-4CB1-B935-4EEB1128AA25}.Debug.ActiveCfg = Debug|.NET
		{F0C49044-552F-4CB1-B935-4EEB1128AA25}.Release.ActiveCfg = Release|.NET
		{F0C49044-552F-4CB1-B935-4EEB1128AA25}.Release.Build.0 = Release|.NET
		{293E9D41-E87F-4093-88AA-91B91A36392B}.Debug.ActiveCfg = Debug|.NET
		{293E9D41-E87F-4093-88AA-91B91A36392B}.Release.ActiveCfg = Release|.NET
		{293E9D41-E87F-4093-88AA-91B91A36392B}.Release.Build.0 = Release|.NET
		{0AE8F702-37EB-44C2-9842-81F7021D6E26}.Debug.ActiveCfg = Debug|.NET
		{0AE8F702-37EB-44C2-9842-81F7021D6E26}.Release.ActiveCfg = Release|.NET
		{0AE8F702-37EB-44C2-9842-81F7021D6E26}.Release.Build.0 = Release|.NET
		{9822FF43-60B7-4F1D-9D35-DB47E3F13852}.Debug.ActiveCfg = Debug|.NET
		{9822FF43-60B7-4F1D-9D35-DB47E3F13852}.Debug.Build.0 = Debug|.NET
		{9822FF43-60B7-4F1D-9D35-DB47E3F13852}.Release.ActiveCfg = Release|.NET
		{9822FF43-60B7-4F1D-9D35-DB47E3F13852}.Release.Build.0 = Release|.NET
	EndGlobalSection
	GlobalSection(SolutionItems) = postSolution
		estilos\est_General.css = estilos\est_General.css
		estilos\estilo.css = estilos\estilo.css
		estilos\TIMGLOBAL.css = estilos\TIMGLOBAL.css
	EndGlobalSection
	GlobalSection(ExtensibilityGlobals) = postSolution
	EndGlobalSection
	GlobalSection(ExtensibilityAddIns) = postSolution
	EndGlobalSection
EndGlobal
